
Microsoft Visual Studio Solution File, Format Version 12.00
# Visual Studio Version 17
VisualStudioVersion = 17.10.35013.160
MinimumVisualStudioVersion = 10.0.40219.1
Project("{9A19103F-16F7-4668-BE54-9A1E7A4F7556}") = "Doghouse", "Doghouse\Doghouse.csproj", "{6ABA5127-C927-442A-9920-F0C6F47169FF}"
EndProject
Project("{FAE04EC0-301F-11D3-BF4B-00C04F79EFBC}") = "Doghouse.Tests", "Doghouse.Tests\Doghouse.Tests.csproj", "{8D28E70E-8AE9-4EBA-846F-961EFC19B3CE}"
EndProject
Global
	GlobalSection(SolutionConfigurationPlatforms) = preSolution
		Debug|Any CPU = Debug|Any CPU
		Release|Any CPU = Release|Any CPU
	EndGlobalSection
	GlobalSection(ProjectConfigurationPlatforms) = postSolution
		{6ABA5127-C927-442A-9920-F0C6F47169FF}.Debug|Any CPU.ActiveCfg = Debug|Any CPU
		{6ABA5127-C927-442A-9920-F0C6F47169FF}.Debug|Any CPU.Build.0 = Debug|Any CPU
		{6ABA5127-C927-442A-9920-F0C6F47169FF}.Release|Any CPU.ActiveCfg = Release|Any CPU
		{6ABA5127-C927-442A-9920-F0C6F47169FF}.Release|Any CPU.Build.0 = Release|Any CPU
		{8D28E70E-8AE9-4EBA-846F-961EFC19B3CE}.Debug|Any CPU.ActiveCfg = Debug|Any CPU
		{8D28E70E-8AE9-4EBA-846F-961EFC19B3CE}.Debug|Any CPU.Build.0 = Debug|Any CPU
		{8D28E70E-8AE9-4EBA-846F-961EFC19B3CE}.Release|Any CPU.ActiveCfg = Release|Any CPU
		{8D28E70E-8AE9-4EBA-846F-961EFC19B3CE}.Release|Any CPU.Build.0 = Release|Any CPU
	EndGlobalSection
	GlobalSection(SolutionProperties) = preSolution
		HideSolutionNode = FALSE
	EndGlobalSection
	GlobalSection(ExtensibilityGlobals) = postSolution
		SolutionGuid = {A3E2368B-8021-4FF6-9EE5-D0CF33460594}
	EndGlobalSection
EndGlobal
